// !$*UTF8*$!
{
	archiveVersion = 1;
	classes = {
	};
	objectVersion = 48;
	objects = {

/* Begin PBXBuildFile section */
		9D7BF400B94D2315710BB53B /* Pods_SplitTheCheck.framework in Frameworks */ = {isa = PBXBuildFile; fileRef = 2F4E5AAC67EC266DF5551386 /* Pods_SplitTheCheck.framework */; };
		C104596321368F0C007BD0A7 /* RealmServices.swift in Sources */ = {isa = PBXBuildFile; fileRef = C104596221368F0C007BD0A7 /* RealmServices.swift */; };
		C104596821369A9A007BD0A7 /* Alerts.swift in Sources */ = {isa = PBXBuildFile; fileRef = C104596721369A9A007BD0A7 /* Alerts.swift */; };
		C10CB24D2109E24400652794 /* NewPasswordViewController.swift in Sources */ = {isa = PBXBuildFile; fileRef = C10CB24C2109E24400652794 /* NewPasswordViewController.swift */; };
		C1317EA8215E852E00D23C6A /* SettingsViewController.swift in Sources */ = {isa = PBXBuildFile; fileRef = C1317EA7215E852E00D23C6A /* SettingsViewController.swift */; };
		C1369BC3200D227000830D45 /* HeaderCell.swift in Sources */ = {isa = PBXBuildFile; fileRef = C1369BC2200D227000830D45 /* HeaderCell.swift */; };
		C1369BC6200F841700830D45 /* GuestInfoObject.swift in Sources */ = {isa = PBXBuildFile; fileRef = C1369BC5200F841700830D45 /* GuestInfoObject.swift */; };
		C1369BC8200F86B100830D45 /* CheckGuestsViewController.swift in Sources */ = {isa = PBXBuildFile; fileRef = C1369BC7200F86B100830D45 /* CheckGuestsViewController.swift */; };
		C1369BCA200F870B00830D45 /* FavouriteGuestCell.swift in Sources */ = {isa = PBXBuildFile; fileRef = C1369BC9200F870B00830D45 /* FavouriteGuestCell.swift */; };
		C1369BCC200F873D00830D45 /* AddGuestCell.swift in Sources */ = {isa = PBXBuildFile; fileRef = C1369BCB200F873D00830D45 /* AddGuestCell.swift */; };
		C1619CAF2008CBE2004640ED /* RequestService.swift in Sources */ = {isa = PBXBuildFile; fileRef = C1619CAE2008CBE2004640ED /* RequestService.swift */; };
		C1619CB12008D339004640ED /* CheckInfoObject.swift in Sources */ = {isa = PBXBuildFile; fileRef = C1619CB02008D339004640ED /* CheckInfoObject.swift */; };
		C1619CB42008EB61004640ED /* CheckInfoCell.swift in Sources */ = {isa = PBXBuildFile; fileRef = C1619CB32008EB61004640ED /* CheckInfoCell.swift */; };
		C1690C6E2015F58F00C3638E /* AllChecksViewController.swift in Sources */ = {isa = PBXBuildFile; fileRef = C1690C6D2015F58F00C3638E /* AllChecksViewController.swift */; };
		C1690C702015F5E400C3638E /* LoadedCheckCell.swift in Sources */ = {isa = PBXBuildFile; fileRef = C1690C6F2015F5E400C3638E /* LoadedCheckCell.swift */; };
		C1690C722015F60000C3638E /* NotLoadedCheckCell.swift in Sources */ = {isa = PBXBuildFile; fileRef = C1690C712015F60000C3638E /* NotLoadedCheckCell.swift */; };
		C1690C7B2019FCBD00C3638E /* QrStringInfoObject.swift in Sources */ = {isa = PBXBuildFile; fileRef = C1690C7A2019FCBD00C3638E /* QrStringInfoObject.swift */; };
		C169B02F203C397100987727 /* FavGuestViewController.swift in Sources */ = {isa = PBXBuildFile; fileRef = C169B02E203C397100987727 /* FavGuestViewController.swift */; };
		C169B031203C399F00987727 /* FavGuestCell.swift in Sources */ = {isa = PBXBuildFile; fileRef = C169B030203C399F00987727 /* FavGuestCell.swift */; };
		C16B3E7C1FF112B6005C99B8 /* AppDelegate.swift in Sources */ = {isa = PBXBuildFile; fileRef = C16B3E7B1FF112B6005C99B8 /* AppDelegate.swift */; };
		C16B3E7E1FF112B6005C99B8 /* ScanViewController.swift in Sources */ = {isa = PBXBuildFile; fileRef = C16B3E7D1FF112B6005C99B8 /* ScanViewController.swift */; };
		C16B3E811FF112B6005C99B8 /* Main.storyboard in Resources */ = {isa = PBXBuildFile; fileRef = C16B3E7F1FF112B6005C99B8 /* Main.storyboard */; };
		C16B3E861FF112B6005C99B8 /* LaunchScreen.storyboard in Resources */ = {isa = PBXBuildFile; fileRef = C16B3E841FF112B6005C99B8 /* LaunchScreen.storyboard */; };
		C175891F215906590042E01E /* ChangeGuestNameViewController.swift in Sources */ = {isa = PBXBuildFile; fileRef = C175891E215906590042E01E /* ChangeGuestNameViewController.swift */; };
		C1758921215906960042E01E /* FavGuestNameCell.swift in Sources */ = {isa = PBXBuildFile; fileRef = C1758920215906960042E01E /* FavGuestNameCell.swift */; };
		C1758923215906B10042E01E /* AddGuestNameCell.swift in Sources */ = {isa = PBXBuildFile; fileRef = C1758922215906B10042E01E /* AddGuestNameCell.swift */; };
		C1758925215A275C0042E01E /* CustomTextField.swift in Sources */ = {isa = PBXBuildFile; fileRef = C1758924215A275C0042E01E /* CustomTextField.swift */; };
		C1758927215A7C660042E01E /* YearMonth.swift in Sources */ = {isa = PBXBuildFile; fileRef = C1758926215A7C660042E01E /* YearMonth.swift */; };
		C175892B215B84E50042E01E /* AllChecksHeaderCell.swift in Sources */ = {isa = PBXBuildFile; fileRef = C175892A215B84E50042E01E /* AllChecksHeaderCell.swift */; };
		C18963BC2188432700CE4ABE /* CustomLabel.swift in Sources */ = {isa = PBXBuildFile; fileRef = C18963BB2188432700CE4ABE /* CustomLabel.swift */; };
		C18BDA771FF2951F0008E58F /* CheckInfoViewController.swift in Sources */ = {isa = PBXBuildFile; fileRef = C18BDA761FF2951F0008E58F /* CheckInfoViewController.swift */; };
		C1902DB1212ED026009F00CF /* GoogleService-Info.plist in Resources */ = {isa = PBXBuildFile; fileRef = C1902DB0212ED026009F00CF /* GoogleService-Info.plist */; };
		C191EAF62500C27700CFDDA7 /* Main_2.storyboard in Resources */ = {isa = PBXBuildFile; fileRef = C191EAF52500C27700CFDDA7 /* Main_2.storyboard */; };
		C191EAF82500D13700CFDDA7 /* NetworkService.swift in Sources */ = {isa = PBXBuildFile; fileRef = C191EAF72500D13700CFDDA7 /* NetworkService.swift */; };
		C1A0672F200CF16E007AD89A /* CustomButton.swift in Sources */ = {isa = PBXBuildFile; fileRef = C1A0672E200CF16E007AD89A /* CustomButton.swift */; };
		C1A22E2320FCB3E100286CD3 /* LoginViewController.swift in Sources */ = {isa = PBXBuildFile; fileRef = C1A22E2220FCB3E100286CD3 /* LoginViewController.swift */; };
		C1A22E2520FE208400286CD3 /* SignUpViewController.swift in Sources */ = {isa = PBXBuildFile; fileRef = C1A22E2420FE208400286CD3 /* SignUpViewController.swift */; };
		C1A22E2720FF38D600286CD3 /* ForgetViewController.swift in Sources */ = {isa = PBXBuildFile; fileRef = C1A22E2620FF38D600286CD3 /* ForgetViewController.swift */; };
		C1A364D9216CFB3E006F7605 /* ext1CheckInfoViewController.swift in Sources */ = {isa = PBXBuildFile; fileRef = C1A364D8216CFB3D006F7605 /* ext1CheckInfoViewController.swift */; };
		C1A364DB216CFCC1006F7605 /* ext2CheckInfoViewController.swift in Sources */ = {isa = PBXBuildFile; fileRef = C1A364DA216CFCC1006F7605 /* ext2CheckInfoViewController.swift */; };
		C1A364E0216E3A57006F7605 /* sectionRow.html in Resources */ = {isa = PBXBuildFile; fileRef = C1A364DD216E3A57006F7605 /* sectionRow.html */; };
		C1A364E1216E3A57006F7605 /* sectionHeader.html in Resources */ = {isa = PBXBuildFile; fileRef = C1A364DE216E3A57006F7605 /* sectionHeader.html */; };
		C1A364E2216E3A57006F7605 /* check.html in Resources */ = {isa = PBXBuildFile; fileRef = C1A364DF216E3A57006F7605 /* check.html */; };
		C1A364E4216F6F4D006F7605 /* checkHeader.html in Resources */ = {isa = PBXBuildFile; fileRef = C1A364E3216F6F4D006F7605 /* checkHeader.html */; };
		C1A8F73320FA904A00B0B644 /* StartViewController.swift in Sources */ = {isa = PBXBuildFile; fileRef = C1A8F73220FA904A00B0B644 /* StartViewController.swift */; };
		C1DA9E1B203EC67D0014C0DB /* Assets.xcassets in Resources */ = {isa = PBXBuildFile; fileRef = C1DA9E1A203EC67D0014C0DB /* Assets.xcassets */; };
		C1F09F132178C442000AF696 /* policy.txt in Resources */ = {isa = PBXBuildFile; fileRef = C1F09F122178C442000AF696 /* policy.txt */; };
		C1F79C0424BC53D10022E012 /* CreateHTML.swift in Sources */ = {isa = PBXBuildFile; fileRef = C1F79C0324BC53D10022E012 /* CreateHTML.swift */; };
		C1FCE56B212C2FDB009B8C59 /* UserAgreementViewController.swift in Sources */ = {isa = PBXBuildFile; fileRef = C1FCE56A212C2FDB009B8C59 /* UserAgreementViewController.swift */; };
		C1FCE56D212C38EF009B8C59 /* Checkbox.swift in Sources */ = {isa = PBXBuildFile; fileRef = C1FCE56C212C38EF009B8C59 /* Checkbox.swift */; };
/* End PBXBuildFile section */

/* Begin PBXFileReference section */
		2F4E5AAC67EC266DF5551386 /* Pods_SplitTheCheck.framework */ = {isa = PBXFileReference; explicitFileType = wrapper.framework; includeInIndex = 0; path = Pods_SplitTheCheck.framework; sourceTree = BUILT_PRODUCTS_DIR; };
		C104596221368F0C007BD0A7 /* RealmServices.swift */ = {isa = PBXFileReference; lastKnownFileType = sourcecode.swift; path = RealmServices.swift; sourceTree = "<group>"; };
		C104596721369A9A007BD0A7 /* Alerts.swift */ = {isa = PBXFileReference; lastKnownFileType = sourcecode.swift; path = Alerts.swift; sourceTree = "<group>"; };
		C10CB24C2109E24400652794 /* NewPasswordViewController.swift */ = {isa = PBXFileReference; lastKnownFileType = sourcecode.swift; path = NewPasswordViewController.swift; sourceTree = "<group>"; };
		C1317EA7215E852E00D23C6A /* SettingsViewController.swift */ = {isa = PBXFileReference; lastKnownFileType = sourcecode.swift; path = SettingsViewController.swift; sourceTree = "<group>"; };
		C1369BC2200D227000830D45 /* HeaderCell.swift */ = {isa = PBXFileReference; lastKnownFileType = sourcecode.swift; path = HeaderCell.swift; sourceTree = "<group>"; };
		C1369BC5200F841700830D45 /* GuestInfoObject.swift */ = {isa = PBXFileReference; lastKnownFileType = sourcecode.swift; path = GuestInfoObject.swift; sourceTree = "<group>"; };
		C1369BC7200F86B100830D45 /* CheckGuestsViewController.swift */ = {isa = PBXFileReference; lastKnownFileType = sourcecode.swift; path = CheckGuestsViewController.swift; sourceTree = "<group>"; };
		C1369BC9200F870B00830D45 /* FavouriteGuestCell.swift */ = {isa = PBXFileReference; lastKnownFileType = sourcecode.swift; path = FavouriteGuestCell.swift; sourceTree = "<group>"; };
		C1369BCB200F873D00830D45 /* AddGuestCell.swift */ = {isa = PBXFileReference; lastKnownFileType = sourcecode.swift; path = AddGuestCell.swift; sourceTree = "<group>"; };
		C1619CAE2008CBE2004640ED /* RequestService.swift */ = {isa = PBXFileReference; lastKnownFileType = sourcecode.swift; path = RequestService.swift; sourceTree = "<group>"; };
		C1619CB02008D339004640ED /* CheckInfoObject.swift */ = {isa = PBXFileReference; lastKnownFileType = sourcecode.swift; path = CheckInfoObject.swift; sourceTree = "<group>"; };
		C1619CB32008EB61004640ED /* CheckInfoCell.swift */ = {isa = PBXFileReference; lastKnownFileType = sourcecode.swift; path = CheckInfoCell.swift; sourceTree = "<group>"; };
		C1690C6D2015F58F00C3638E /* AllChecksViewController.swift */ = {isa = PBXFileReference; lastKnownFileType = sourcecode.swift; path = AllChecksViewController.swift; sourceTree = "<group>"; };
		C1690C6F2015F5E400C3638E /* LoadedCheckCell.swift */ = {isa = PBXFileReference; lastKnownFileType = sourcecode.swift; path = LoadedCheckCell.swift; sourceTree = "<group>"; };
		C1690C712015F60000C3638E /* NotLoadedCheckCell.swift */ = {isa = PBXFileReference; lastKnownFileType = sourcecode.swift; path = NotLoadedCheckCell.swift; sourceTree = "<group>"; };
		C1690C7A2019FCBD00C3638E /* QrStringInfoObject.swift */ = {isa = PBXFileReference; lastKnownFileType = sourcecode.swift; path = QrStringInfoObject.swift; sourceTree = "<group>"; };
		C169B02E203C397100987727 /* FavGuestViewController.swift */ = {isa = PBXFileReference; lastKnownFileType = sourcecode.swift; path = FavGuestViewController.swift; sourceTree = "<group>"; };
		C169B030203C399F00987727 /* FavGuestCell.swift */ = {isa = PBXFileReference; lastKnownFileType = sourcecode.swift; path = FavGuestCell.swift; sourceTree = "<group>"; };
		C16B3E781FF112B6005C99B8 /* SplitTheCheck.app */ = {isa = PBXFileReference; explicitFileType = wrapper.application; includeInIndex = 0; path = SplitTheCheck.app; sourceTree = BUILT_PRODUCTS_DIR; };
		C16B3E7B1FF112B6005C99B8 /* AppDelegate.swift */ = {isa = PBXFileReference; lastKnownFileType = sourcecode.swift; path = AppDelegate.swift; sourceTree = "<group>"; };
		C16B3E7D1FF112B6005C99B8 /* ScanViewController.swift */ = {isa = PBXFileReference; lastKnownFileType = sourcecode.swift; path = ScanViewController.swift; sourceTree = "<group>"; };
		C16B3E801FF112B6005C99B8 /* Base */ = {isa = PBXFileReference; lastKnownFileType = file.storyboard; name = Base; path = Base.lproj/Main.storyboard; sourceTree = "<group>"; };
		C16B3E851FF112B6005C99B8 /* Base */ = {isa = PBXFileReference; lastKnownFileType = file.storyboard; name = Base; path = Base.lproj/LaunchScreen.storyboard; sourceTree = "<group>"; };
		C16B3E871FF112B6005C99B8 /* Info.plist */ = {isa = PBXFileReference; lastKnownFileType = text.plist.xml; path = Info.plist; sourceTree = "<group>"; };
		C175891E215906590042E01E /* ChangeGuestNameViewController.swift */ = {isa = PBXFileReference; lastKnownFileType = sourcecode.swift; path = ChangeGuestNameViewController.swift; sourceTree = "<group>"; };
		C1758920215906960042E01E /* FavGuestNameCell.swift */ = {isa = PBXFileReference; lastKnownFileType = sourcecode.swift; path = FavGuestNameCell.swift; sourceTree = "<group>"; };
		C1758922215906B10042E01E /* AddGuestNameCell.swift */ = {isa = PBXFileReference; lastKnownFileType = sourcecode.swift; path = AddGuestNameCell.swift; sourceTree = "<group>"; };
		C1758924215A275C0042E01E /* CustomTextField.swift */ = {isa = PBXFileReference; lastKnownFileType = sourcecode.swift; path = CustomTextField.swift; sourceTree = "<group>"; };
		C1758926215A7C660042E01E /* YearMonth.swift */ = {isa = PBXFileReference; lastKnownFileType = sourcecode.swift; path = YearMonth.swift; sourceTree = "<group>"; };
		C175892A215B84E50042E01E /* AllChecksHeaderCell.swift */ = {isa = PBXFileReference; lastKnownFileType = sourcecode.swift; path = AllChecksHeaderCell.swift; sourceTree = "<group>"; };
		C18963BB2188432700CE4ABE /* CustomLabel.swift */ = {isa = PBXFileReference; lastKnownFileType = sourcecode.swift; path = CustomLabel.swift; sourceTree = "<group>"; };
		C18BDA761FF2951F0008E58F /* CheckInfoViewController.swift */ = {isa = PBXFileReference; lastKnownFileType = sourcecode.swift; path = CheckInfoViewController.swift; sourceTree = "<group>"; };
		C1902DB0212ED026009F00CF /* GoogleService-Info.plist */ = {isa = PBXFileReference; fileEncoding = 4; lastKnownFileType = text.plist.xml; path = "GoogleService-Info.plist"; sourceTree = "<group>"; };
		C191EAF52500C27700CFDDA7 /* Main_2.storyboard */ = {isa = PBXFileReference; fileEncoding = 4; lastKnownFileType = file.storyboard; path = Main_2.storyboard; sourceTree = "<group>"; };
		C191EAF72500D13700CFDDA7 /* NetworkService.swift */ = {isa = PBXFileReference; lastKnownFileType = sourcecode.swift; path = NetworkService.swift; sourceTree = "<group>"; };
		C1A0672E200CF16E007AD89A /* CustomButton.swift */ = {isa = PBXFileReference; lastKnownFileType = sourcecode.swift; path = CustomButton.swift; sourceTree = "<group>"; };
		C1A22E2220FCB3E100286CD3 /* LoginViewController.swift */ = {isa = PBXFileReference; lastKnownFileType = sourcecode.swift; path = LoginViewController.swift; sourceTree = "<group>"; };
		C1A22E2420FE208400286CD3 /* SignUpViewController.swift */ = {isa = PBXFileReference; lastKnownFileType = sourcecode.swift; path = SignUpViewController.swift; sourceTree = "<group>"; };
		C1A22E2620FF38D600286CD3 /* ForgetViewController.swift */ = {isa = PBXFileReference; lastKnownFileType = sourcecode.swift; path = ForgetViewController.swift; sourceTree = "<group>"; };
		C1A364D8216CFB3D006F7605 /* ext1CheckInfoViewController.swift */ = {isa = PBXFileReference; lastKnownFileType = sourcecode.swift; path = ext1CheckInfoViewController.swift; sourceTree = "<group>"; };
		C1A364DA216CFCC1006F7605 /* ext2CheckInfoViewController.swift */ = {isa = PBXFileReference; lastKnownFileType = sourcecode.swift; path = ext2CheckInfoViewController.swift; sourceTree = "<group>"; };
		C1A364DD216E3A57006F7605 /* sectionRow.html */ = {isa = PBXFileReference; fileEncoding = 4; lastKnownFileType = text.html; path = sectionRow.html; sourceTree = "<group>"; };
		C1A364DE216E3A57006F7605 /* sectionHeader.html */ = {isa = PBXFileReference; fileEncoding = 4; lastKnownFileType = text.html; path = sectionHeader.html; sourceTree = "<group>"; };
		C1A364DF216E3A57006F7605 /* check.html */ = {isa = PBXFileReference; fileEncoding = 4; lastKnownFileType = text.html; path = check.html; sourceTree = "<group>"; };
		C1A364E3216F6F4D006F7605 /* checkHeader.html */ = {isa = PBXFileReference; fileEncoding = 4; lastKnownFileType = text.html; path = checkHeader.html; sourceTree = "<group>"; };
		C1A8F73220FA904A00B0B644 /* StartViewController.swift */ = {isa = PBXFileReference; lastKnownFileType = sourcecode.swift; path = StartViewController.swift; sourceTree = "<group>"; };
		C1DA9E1A203EC67D0014C0DB /* Assets.xcassets */ = {isa = PBXFileReference; lastKnownFileType = folder.assetcatalog; path = Assets.xcassets; sourceTree = "<group>"; };
		C1F09F122178C442000AF696 /* policy.txt */ = {isa = PBXFileReference; fileEncoding = 4; lastKnownFileType = text; path = policy.txt; sourceTree = "<group>"; };
		C1F79C0324BC53D10022E012 /* CreateHTML.swift */ = {isa = PBXFileReference; lastKnownFileType = sourcecode.swift; path = CreateHTML.swift; sourceTree = "<group>"; };
		C1FCE56A212C2FDB009B8C59 /* UserAgreementViewController.swift */ = {isa = PBXFileReference; lastKnownFileType = sourcecode.swift; path = UserAgreementViewController.swift; sourceTree = "<group>"; };
		C1FCE56C212C38EF009B8C59 /* Checkbox.swift */ = {isa = PBXFileReference; lastKnownFileType = sourcecode.swift; path = Checkbox.swift; sourceTree = "<group>"; };
		DE63CC8D7FEB5D6DF5BDC512 /* Pods-SplitTheCheck.debug.xcconfig */ = {isa = PBXFileReference; includeInIndex = 1; lastKnownFileType = text.xcconfig; name = "Pods-SplitTheCheck.debug.xcconfig"; path = "Pods/Target Support Files/Pods-SplitTheCheck/Pods-SplitTheCheck.debug.xcconfig"; sourceTree = "<group>"; };
		DFAE0A127918E475E097803E /* Pods-SplitTheCheck.release.xcconfig */ = {isa = PBXFileReference; includeInIndex = 1; lastKnownFileType = text.xcconfig; name = "Pods-SplitTheCheck.release.xcconfig"; path = "Pods/Target Support Files/Pods-SplitTheCheck/Pods-SplitTheCheck.release.xcconfig"; sourceTree = "<group>"; };
/* End PBXFileReference section */

/* Begin PBXFrameworksBuildPhase section */
		C16B3E751FF112B6005C99B8 /* Frameworks */ = {
			isa = PBXFrameworksBuildPhase;
			buildActionMask = 2147483647;
			files = (
				9D7BF400B94D2315710BB53B /* Pods_SplitTheCheck.framework in Frameworks */,
			);
			runOnlyForDeploymentPostprocessing = 0;
		};
/* End PBXFrameworksBuildPhase section */

/* Begin PBXGroup section */
		7E984466A022111906A96964 /* Frameworks */ = {
			isa = PBXGroup;
			children = (
				2F4E5AAC67EC266DF5551386 /* Pods_SplitTheCheck.framework */,
			);
			name = Frameworks;
			sourceTree = "<group>";
		};
		C104596421368F99007BD0A7 /* LoginViewControllers */ = {
			isa = PBXGroup;
			children = (
				C1A8F73220FA904A00B0B644 /* StartViewController.swift */,
				C1A22E2220FCB3E100286CD3 /* LoginViewController.swift */,
				C1A22E2620FF38D600286CD3 /* ForgetViewController.swift */,
				C1A22E2420FE208400286CD3 /* SignUpViewController.swift */,
				C1FCE56A212C2FDB009B8C59 /* UserAgreementViewController.swift */,
				C10CB24C2109E24400652794 /* NewPasswordViewController.swift */,
				C1F09F122178C442000AF696 /* policy.txt */,
			);
			path = LoginViewControllers;
			sourceTree = "<group>";
		};
		C104596521369001007BD0A7 /* Services */ = {
			isa = PBXGroup;
			children = (
				C1619CAE2008CBE2004640ED /* RequestService.swift */,
				C104596221368F0C007BD0A7 /* RealmServices.swift */,
				C104596721369A9A007BD0A7 /* Alerts.swift */,
				C191EAF72500D13700CFDDA7 /* NetworkService.swift */,
			);
			path = Services;
			sourceTree = "<group>";
		};
		C1317EA6215E84EF00D23C6A /* Settings */ = {
			isa = PBXGroup;
			children = (
				C169B02D203C393900987727 /* FavouriteGuests */,
				C1317EA7215E852E00D23C6A /* SettingsViewController.swift */,
			);
			path = Settings;
			sourceTree = "<group>";
		};
		C1369BC4200F83DD00830D45 /* CheckGuests */ = {
			isa = PBXGroup;
			children = (
				C1369BC7200F86B100830D45 /* CheckGuestsViewController.swift */,
				C1369BC9200F870B00830D45 /* FavouriteGuestCell.swift */,
				C1369BCB200F873D00830D45 /* AddGuestCell.swift */,
			);
			path = CheckGuests;
			sourceTree = "<group>";
		};
		C1619CB22008EAEA004640ED /* CheckInfo */ = {
			isa = PBXGroup;
			children = (
				C1F79BFC24BC4E990022E012 /* Controller */,
				C1F79BFB24BC4E900022E012 /* Model */,
			);
			path = CheckInfo;
			sourceTree = "<group>";
		};
		C1690C6C2015F55C00C3638E /* AllChecks */ = {
			isa = PBXGroup;
			children = (
				C1690C6D2015F58F00C3638E /* AllChecksViewController.swift */,
				C1690C6F2015F5E400C3638E /* LoadedCheckCell.swift */,
				C1690C712015F60000C3638E /* NotLoadedCheckCell.swift */,
				C175892A215B84E50042E01E /* AllChecksHeaderCell.swift */,
			);
			path = AllChecks;
			sourceTree = "<group>";
		};
		C169B02D203C393900987727 /* FavouriteGuests */ = {
			isa = PBXGroup;
			children = (
				C1F79BFF24BC4EF80022E012 /* Model */,
				C1F79BFD24BC4ED70022E012 /* Controller */,
				C169B02E203C397100987727 /* FavGuestViewController.swift */,
				C169B030203C399F00987727 /* FavGuestCell.swift */,
			);
			path = FavouriteGuests;
			sourceTree = "<group>";
		};
		C16B3E6F1FF112B6005C99B8 = {
			isa = PBXGroup;
			children = (
				C1F79C0024BC4FE40022E012 /* HTMLService */,
				C16B3E7A1FF112B6005C99B8 /* SplitTheCheck */,
				C16B3E791FF112B6005C99B8 /* Products */,
				E5A7E747308CBDFAC86DB98A /* Pods */,
				7E984466A022111906A96964 /* Frameworks */,
			);
			sourceTree = "<group>";
		};
		C16B3E791FF112B6005C99B8 /* Products */ = {
			isa = PBXGroup;
			children = (
				C16B3E781FF112B6005C99B8 /* SplitTheCheck.app */,
			);
			name = Products;
			sourceTree = "<group>";
		};
		C16B3E7A1FF112B6005C99B8 /* SplitTheCheck */ = {
			isa = PBXGroup;
			children = (
				C1690C6C2015F55C00C3638E /* AllChecks */,
				C175891C215903080042E01E /* ScanCheck */,
				C1317EA6215E84EF00D23C6A /* Settings */,
				C104596421368F99007BD0A7 /* LoginViewControllers */,
				C104596521369001007BD0A7 /* Services */,
				C1A980EB213EC4BB000E7A0D /* CustomUIObjects */,
				C16B3E7F1FF112B6005C99B8 /* Main.storyboard */,
				C191EAF52500C27700CFDDA7 /* Main_2.storyboard */,
				C16B3E841FF112B6005C99B8 /* LaunchScreen.storyboard */,
				C1DA9E1A203EC67D0014C0DB /* Assets.xcassets */,
				C16B3E871FF112B6005C99B8 /* Info.plist */,
				C1902DB0212ED026009F00CF /* GoogleService-Info.plist */,
				C16B3E7B1FF112B6005C99B8 /* AppDelegate.swift */,
			);
			path = SplitTheCheck;
			sourceTree = "<group>";
		};
		C175891C215903080042E01E /* ScanCheck */ = {
			isa = PBXGroup;
			children = (
				C16B3E7D1FF112B6005C99B8 /* ScanViewController.swift */,
				C1619CB22008EAEA004640ED /* CheckInfo */,
				C1369BC4200F83DD00830D45 /* CheckGuests */,
				C175891D2159034D0042E01E /* ChangeName */,
			);
			path = ScanCheck;
			sourceTree = "<group>";
		};
		C175891D2159034D0042E01E /* ChangeName */ = {
			isa = PBXGroup;
			children = (
				C175891E215906590042E01E /* ChangeGuestNameViewController.swift */,
				C1758920215906960042E01E /* FavGuestNameCell.swift */,
				C1758922215906B10042E01E /* AddGuestNameCell.swift */,
			);
			path = ChangeName;
			sourceTree = "<group>";
		};
		C1A364DC216E39FA006F7605 /* HTMLtemplates */ = {
			isa = PBXGroup;
			children = (
				C1A364DF216E3A57006F7605 /* check.html */,
				C1A364DE216E3A57006F7605 /* sectionHeader.html */,
				C1A364DD216E3A57006F7605 /* sectionRow.html */,
				C1A364E3216F6F4D006F7605 /* checkHeader.html */,
			);
			path = HTMLtemplates;
			sourceTree = "<group>";
		};
		C1A980EB213EC4BB000E7A0D /* CustomUIObjects */ = {
			isa = PBXGroup;
			children = (
				C1A0672E200CF16E007AD89A /* CustomButton.swift */,
				C1FCE56C212C38EF009B8C59 /* Checkbox.swift */,
				C1758924215A275C0042E01E /* CustomTextField.swift */,
				C18963BB2188432700CE4ABE /* CustomLabel.swift */,
				C1758926215A7C660042E01E /* YearMonth.swift */,
			);
			path = CustomUIObjects;
			sourceTree = "<group>";
		};
		C1F79BFB24BC4E900022E012 /* Model */ = {
			isa = PBXGroup;
			children = (
				C1619CB02008D339004640ED /* CheckInfoObject.swift */,
				C1690C7A2019FCBD00C3638E /* QrStringInfoObject.swift */,
			);
			path = Model;
			sourceTree = "<group>";
		};
		C1F79BFC24BC4E990022E012 /* Controller */ = {
			isa = PBXGroup;
			children = (
				C18BDA761FF2951F0008E58F /* CheckInfoViewController.swift */,
				C1A364D8216CFB3D006F7605 /* ext1CheckInfoViewController.swift */,
				C1A364DA216CFCC1006F7605 /* ext2CheckInfoViewController.swift */,
				C1619CB32008EB61004640ED /* CheckInfoCell.swift */,
				C1369BC2200D227000830D45 /* HeaderCell.swift */,
			);
			path = Controller;
			sourceTree = "<group>";
		};
		C1F79BFD24BC4ED70022E012 /* Controller */ = {
			isa = PBXGroup;
			children = (
			);
			path = Controller;
			sourceTree = "<group>";
		};
		C1F79BFF24BC4EF80022E012 /* Model */ = {
			isa = PBXGroup;
			children = (
				C1369BC5200F841700830D45 /* GuestInfoObject.swift */,
			);
			path = Model;
			sourceTree = "<group>";
		};
		C1F79C0024BC4FE40022E012 /* HTMLService */ = {
			isa = PBXGroup;
			children = (
				C1A364DC216E39FA006F7605 /* HTMLtemplates */,
				C1F79C0324BC53D10022E012 /* CreateHTML.swift */,
			);
			path = HTMLService;
			sourceTree = "<group>";
		};
		E5A7E747308CBDFAC86DB98A /* Pods */ = {
			isa = PBXGroup;
			children = (
				DE63CC8D7FEB5D6DF5BDC512 /* Pods-SplitTheCheck.debug.xcconfig */,
				DFAE0A127918E475E097803E /* Pods-SplitTheCheck.release.xcconfig */,
			);
			name = Pods;
			sourceTree = "<group>";
		};
/* End PBXGroup section */

/* Begin PBXNativeTarget section */
		C16B3E771FF112B6005C99B8 /* SplitTheCheck */ = {
			isa = PBXNativeTarget;
			buildConfigurationList = C16B3E8A1FF112B6005C99B8 /* Build configuration list for PBXNativeTarget "SplitTheCheck" */;
			buildPhases = (
				753424930D80F1B8D10756A4 /* [CP] Check Pods Manifest.lock */,
				C16B3E741FF112B6005C99B8 /* Sources */,
				C16B3E751FF112B6005C99B8 /* Frameworks */,
				C16B3E761FF112B6005C99B8 /* Resources */,
				C169B02B203AC25900987727 /* Run Script */,
				919F187DD0C5D20EA64BA335 /* [CP] Embed Pods Frameworks */,
			);
			buildRules = (
			);
			dependencies = (
			);
			name = SplitTheCheck;
			productName = SplitTheCheck;
			productReference = C16B3E781FF112B6005C99B8 /* SplitTheCheck.app */;
			productType = "com.apple.product-type.application";
		};
/* End PBXNativeTarget section */

/* Begin PBXProject section */
		C16B3E701FF112B6005C99B8 /* Project object */ = {
			isa = PBXProject;
			attributes = {
				LastSwiftUpdateCheck = 0920;
				LastUpgradeCheck = 0930;
				ORGANIZATIONNAME = "Anna Zhulidova";
				TargetAttributes = {
					C16B3E771FF112B6005C99B8 = {
						CreatedOnToolsVersion = 9.2;
						ProvisioningStyle = Automatic;
					};
				};
			};
			buildConfigurationList = C16B3E731FF112B6005C99B8 /* Build configuration list for PBXProject "SplitTheCheck" */;
			compatibilityVersion = "Xcode 8.0";
			developmentRegion = en;
			hasScannedForEncodings = 0;
			knownRegions = (
				en,
				Base,
			);
			mainGroup = C16B3E6F1FF112B6005C99B8;
			productRefGroup = C16B3E791FF112B6005C99B8 /* Products */;
			projectDirPath = "";
			projectRoot = "";
			targets = (
				C16B3E771FF112B6005C99B8 /* SplitTheCheck */,
			);
		};
/* End PBXProject section */

/* Begin PBXResourcesBuildPhase section */
		C16B3E761FF112B6005C99B8 /* Resources */ = {
			isa = PBXResourcesBuildPhase;
			buildActionMask = 2147483647;
			files = (
				C16B3E861FF112B6005C99B8 /* LaunchScreen.storyboard in Resources */,
				C1DA9E1B203EC67D0014C0DB /* Assets.xcassets in Resources */,
				C16B3E811FF112B6005C99B8 /* Main.storyboard in Resources */,
				C1A364E2216E3A57006F7605 /* check.html in Resources */,
				C191EAF62500C27700CFDDA7 /* Main_2.storyboard in Resources */,
				C1A364E1216E3A57006F7605 /* sectionHeader.html in Resources */,
				C1A364E4216F6F4D006F7605 /* checkHeader.html in Resources */,
				C1F09F132178C442000AF696 /* policy.txt in Resources */,
				C1A364E0216E3A57006F7605 /* sectionRow.html in Resources */,
				C1902DB1212ED026009F00CF /* GoogleService-Info.plist in Resources */,
			);
			runOnlyForDeploymentPostprocessing = 0;
		};
/* End PBXResourcesBuildPhase section */

/* Begin PBXShellScriptBuildPhase section */
		753424930D80F1B8D10756A4 /* [CP] Check Pods Manifest.lock */ = {
			isa = PBXShellScriptBuildPhase;
			buildActionMask = 2147483647;
			files = (
			);
			inputPaths = (
				"${PODS_PODFILE_DIR_PATH}/Podfile.lock",
				"${PODS_ROOT}/Manifest.lock",
			);
			name = "[CP] Check Pods Manifest.lock";
			outputPaths = (
				"$(DERIVED_FILE_DIR)/Pods-SplitTheCheck-checkManifestLockResult.txt",
			);
			runOnlyForDeploymentPostprocessing = 0;
			shellPath = /bin/sh;
			shellScript = "diff \"${PODS_PODFILE_DIR_PATH}/Podfile.lock\" \"${PODS_ROOT}/Manifest.lock\" > /dev/null\nif [ $? != 0 ] ; then\n    # print error to STDERR\n    echo \"error: The sandbox is not in sync with the Podfile.lock. Run 'pod install' or update your CocoaPods installation.\" >&2\n    exit 1\nfi\n# This output is used by Xcode 'outputs' to avoid re-running this script phase.\necho \"SUCCESS\" > \"${SCRIPT_OUTPUT_FILE_0}\"\n";
			showEnvVarsInLog = 0;
		};
		919F187DD0C5D20EA64BA335 /* [CP] Embed Pods Frameworks */ = {
			isa = PBXShellScriptBuildPhase;
			buildActionMask = 2147483647;
			files = (
			);
			inputPaths = (
				"${PODS_ROOT}/Target Support Files/Pods-SplitTheCheck/Pods-SplitTheCheck-frameworks.sh",
				"${BUILT_PRODUCTS_DIR}/Alamofire/Alamofire.framework",
				"${BUILT_PRODUCTS_DIR}/GTMSessionFetcher/GTMSessionFetcher.framework",
				"${BUILT_PRODUCTS_DIR}/GoogleUtilities/GoogleUtilities.framework",
				"${BUILT_PRODUCTS_DIR}/PromisesObjC/FBLPromises.framework",
				"${BUILT_PRODUCTS_DIR}/Realm/Realm.framework",
				"${BUILT_PRODUCTS_DIR}/RealmSwift/RealmSwift.framework",
				"${BUILT_PRODUCTS_DIR}/SwiftyJSON/SwiftyJSON.framework",
				"${BUILT_PRODUCTS_DIR}/leveldb-library/leveldb.framework",
				"${BUILT_PRODUCTS_DIR}/nanopb/nanopb.framework",
			);
			name = "[CP] Embed Pods Frameworks";
			outputPaths = (
				"${TARGET_BUILD_DIR}/${FRAMEWORKS_FOLDER_PATH}/Alamofire.framework",
				"${TARGET_BUILD_DIR}/${FRAMEWORKS_FOLDER_PATH}/GTMSessionFetcher.framework",
				"${TARGET_BUILD_DIR}/${FRAMEWORKS_FOLDER_PATH}/GoogleUtilities.framework",
				"${TARGET_BUILD_DIR}/${FRAMEWORKS_FOLDER_PATH}/FBLPromises.framework",
				"${TARGET_BUILD_DIR}/${FRAMEWORKS_FOLDER_PATH}/Realm.framework",
				"${TARGET_BUILD_DIR}/${FRAMEWORKS_FOLDER_PATH}/RealmSwift.framework",
				"${TARGET_BUILD_DIR}/${FRAMEWORKS_FOLDER_PATH}/SwiftyJSON.framework",
				"${TARGET_BUILD_DIR}/${FRAMEWORKS_FOLDER_PATH}/leveldb.framework",
				"${TARGET_BUILD_DIR}/${FRAMEWORKS_FOLDER_PATH}/nanopb.framework",
			);
			runOnlyForDeploymentPostprocessing = 0;
			shellPath = /bin/sh;
			shellScript = "\"${PODS_ROOT}/Target Support Files/Pods-SplitTheCheck/Pods-SplitTheCheck-frameworks.sh\"\n";
			showEnvVarsInLog = 0;
		};
		C169B02B203AC25900987727 /* Run Script */ = {
			isa = PBXShellScriptBuildPhase;
			buildActionMask = 2147483647;
			files = (
			);
			inputPaths = (
			);
			name = "Run Script";
			outputPaths = (
			);
			runOnlyForDeploymentPostprocessing = 0;
			shellPath = /bin/sh;
			shellScript = "\"${PODS_ROOT}/Fabric/run\"";
		};
/* End PBXShellScriptBuildPhase section */

/* Begin PBXSourcesBuildPhase section */
		C16B3E741FF112B6005C99B8 /* Sources */ = {
			isa = PBXSourcesBuildPhase;
			buildActionMask = 2147483647;
			files = (
				C18963BC2188432700CE4ABE /* CustomLabel.swift in Sources */,
				C169B031203C399F00987727 /* FavGuestCell.swift in Sources */,
				C1F79C0424BC53D10022E012 /* CreateHTML.swift in Sources */,
				C1758927215A7C660042E01E /* YearMonth.swift in Sources */,
				C1A22E2720FF38D600286CD3 /* ForgetViewController.swift in Sources */,
				C1619CB12008D339004640ED /* CheckInfoObject.swift in Sources */,
				C18BDA771FF2951F0008E58F /* CheckInfoViewController.swift in Sources */,
				C1619CB42008EB61004640ED /* CheckInfoCell.swift in Sources */,
				C1690C7B2019FCBD00C3638E /* QrStringInfoObject.swift in Sources */,
				C1FCE56B212C2FDB009B8C59 /* UserAgreementViewController.swift in Sources */,
				C169B02F203C397100987727 /* FavGuestViewController.swift in Sources */,
				C1619CAF2008CBE2004640ED /* RequestService.swift in Sources */,
				C1FCE56D212C38EF009B8C59 /* Checkbox.swift in Sources */,
				C1758925215A275C0042E01E /* CustomTextField.swift in Sources */,
				C1369BC3200D227000830D45 /* HeaderCell.swift in Sources */,
				C1A22E2320FCB3E100286CD3 /* LoginViewController.swift in Sources */,
				C1690C6E2015F58F00C3638E /* AllChecksViewController.swift in Sources */,
				C1758923215906B10042E01E /* AddGuestNameCell.swift in Sources */,
				C1369BC8200F86B100830D45 /* CheckGuestsViewController.swift in Sources */,
				C1690C702015F5E400C3638E /* LoadedCheckCell.swift in Sources */,
				C1A0672F200CF16E007AD89A /* CustomButton.swift in Sources */,
				C175891F215906590042E01E /* ChangeGuestNameViewController.swift in Sources */,
				C104596821369A9A007BD0A7 /* Alerts.swift in Sources */,
				C1369BCA200F870B00830D45 /* FavouriteGuestCell.swift in Sources */,
				C104596321368F0C007BD0A7 /* RealmServices.swift in Sources */,
				C1369BC6200F841700830D45 /* GuestInfoObject.swift in Sources */,
				C1A364DB216CFCC1006F7605 /* ext2CheckInfoViewController.swift in Sources */,
				C1758921215906960042E01E /* FavGuestNameCell.swift in Sources */,
				C175892B215B84E50042E01E /* AllChecksHeaderCell.swift in Sources */,
				C1A22E2520FE208400286CD3 /* SignUpViewController.swift in Sources */,
				C1A8F73320FA904A00B0B644 /* StartViewController.swift in Sources */,
				C16B3E7E1FF112B6005C99B8 /* ScanViewController.swift in Sources */,
				C1317EA8215E852E00D23C6A /* SettingsViewController.swift in Sources */,
				C1A364D9216CFB3E006F7605 /* ext1CheckInfoViewController.swift in Sources */,
				C1690C722015F60000C3638E /* NotLoadedCheckCell.swift in Sources */,
				C1369BCC200F873D00830D45 /* AddGuestCell.swift in Sources */,
				C16B3E7C1FF112B6005C99B8 /* AppDelegate.swift in Sources */,
				C191EAF82500D13700CFDDA7 /* NetworkService.swift in Sources */,
				C10CB24D2109E24400652794 /* NewPasswordViewController.swift in Sources */,
			);
			runOnlyForDeploymentPostprocessing = 0;
		};
/* End PBXSourcesBuildPhase section */

/* Begin PBXVariantGroup section */
		C16B3E7F1FF112B6005C99B8 /* Main.storyboard */ = {
			isa = PBXVariantGroup;
			children = (
				C16B3E801FF112B6005C99B8 /* Base */,
			);
			name = Main.storyboard;
			sourceTree = "<group>";
		};
		C16B3E841FF112B6005C99B8 /* LaunchScreen.storyboard */ = {
			isa = PBXVariantGroup;
			children = (
				C16B3E851FF112B6005C99B8 /* Base */,
			);
			name = LaunchScreen.storyboard;
			sourceTree = "<group>";
		};
/* End PBXVariantGroup section */

/* Begin XCBuildConfiguration section */
		C16B3E881FF112B6005C99B8 /* Debug */ = {
			isa = XCBuildConfiguration;
			buildSettings = {
				ALWAYS_SEARCH_USER_PATHS = NO;
				CLANG_ANALYZER_NONNULL = YES;
				CLANG_ANALYZER_NUMBER_OBJECT_CONVERSION = YES_AGGRESSIVE;
				CLANG_CXX_LANGUAGE_STANDARD = "gnu++14";
				CLANG_CXX_LIBRARY = "libc++";
				CLANG_ENABLE_MODULES = YES;
				CLANG_ENABLE_OBJC_ARC = YES;
				CLANG_WARN_BLOCK_CAPTURE_AUTORELEASING = YES;
				CLANG_WARN_BOOL_CONVERSION = YES;
				CLANG_WARN_COMMA = YES;
				CLANG_WARN_CONSTANT_CONVERSION = YES;
				CLANG_WARN_DEPRECATED_OBJC_IMPLEMENTATIONS = YES;
				CLANG_WARN_DIRECT_OBJC_ISA_USAGE = YES_ERROR;
				CLANG_WARN_DOCUMENTATION_COMMENTS = YES;
				CLANG_WARN_EMPTY_BODY = YES;
				CLANG_WARN_ENUM_CONVERSION = YES;
				CLANG_WARN_INFINITE_RECURSION = YES;
				CLANG_WARN_INT_CONVERSION = YES;
				CLANG_WARN_NON_LITERAL_NULL_CONVERSION = YES;
				CLANG_WARN_OBJC_IMPLICIT_RETAIN_SELF = YES;
				CLANG_WARN_OBJC_LITERAL_CONVERSION = YES;
				CLANG_WARN_OBJC_ROOT_CLASS = YES_ERROR;
				CLANG_WARN_RANGE_LOOP_ANALYSIS = YES;
				CLANG_WARN_STRICT_PROTOTYPES = YES;
				CLANG_WARN_SUSPICIOUS_MOVE = YES;
				CLANG_WARN_UNGUARDED_AVAILABILITY = YES_AGGRESSIVE;
				CLANG_WARN_UNREACHABLE_CODE = YES;
				CLANG_WARN__DUPLICATE_METHOD_MATCH = YES;
				CODE_SIGN_IDENTITY = "iPhone Developer";
				COPY_PHASE_STRIP = NO;
				DEBUG_INFORMATION_FORMAT = dwarf;
				ENABLE_STRICT_OBJC_MSGSEND = YES;
				ENABLE_TESTABILITY = YES;
				GCC_C_LANGUAGE_STANDARD = gnu11;
				GCC_DYNAMIC_NO_PIC = NO;
				GCC_NO_COMMON_BLOCKS = YES;
				GCC_OPTIMIZATION_LEVEL = 0;
				GCC_PREPROCESSOR_DEFINITIONS = (
					"DEBUG=1",
					"$(inherited)",
				);
				GCC_WARN_64_TO_32_BIT_CONVERSION = YES;
				GCC_WARN_ABOUT_RETURN_TYPE = YES_ERROR;
				GCC_WARN_UNDECLARED_SELECTOR = YES;
				GCC_WARN_UNINITIALIZED_AUTOS = YES_AGGRESSIVE;
				GCC_WARN_UNUSED_FUNCTION = YES;
				GCC_WARN_UNUSED_VARIABLE = YES;
				IPHONEOS_DEPLOYMENT_TARGET = 11.2;
				MTL_ENABLE_DEBUG_INFO = YES;
				ONLY_ACTIVE_ARCH = YES;
				SDKROOT = iphoneos;
				SWIFT_ACTIVE_COMPILATION_CONDITIONS = DEBUG;
				SWIFT_OPTIMIZATION_LEVEL = "-Onone";
			};
			name = Debug;
		};
		C16B3E891FF112B6005C99B8 /* Release */ = {
			isa = XCBuildConfiguration;
			buildSettings = {
				ALWAYS_SEARCH_USER_PATHS = NO;
				CLANG_ANALYZER_NONNULL = YES;
				CLANG_ANALYZER_NUMBER_OBJECT_CONVERSION = YES_AGGRESSIVE;
				CLANG_CXX_LANGUAGE_STANDARD = "gnu++14";
				CLANG_CXX_LIBRARY = "libc++";
				CLANG_ENABLE_MODULES = YES;
				CLANG_ENABLE_OBJC_ARC = YES;
				CLANG_WARN_BLOCK_CAPTURE_AUTORELEASING = YES;
				CLANG_WARN_BOOL_CONVERSION = YES;
				CLANG_WARN_COMMA = YES;
				CLANG_WARN_CONSTANT_CONVERSION = YES;
				CLANG_WARN_DEPRECATED_OBJC_IMPLEMENTATIONS = YES;
				CLANG_WARN_DIRECT_OBJC_ISA_USAGE = YES_ERROR;
				CLANG_WARN_DOCUMENTATION_COMMENTS = YES;
				CLANG_WARN_EMPTY_BODY = YES;
				CLANG_WARN_ENUM_CONVERSION = YES;
				CLANG_WARN_INFINITE_RECURSION = YES;
				CLANG_WARN_INT_CONVERSION = YES;
				CLANG_WARN_NON_LITERAL_NULL_CONVERSION = YES;
				CLANG_WARN_OBJC_IMPLICIT_RETAIN_SELF = YES;
				CLANG_WARN_OBJC_LITERAL_CONVERSION = YES;
				CLANG_WARN_OBJC_ROOT_CLASS = YES_ERROR;
				CLANG_WARN_RANGE_LOOP_ANALYSIS = YES;
				CLANG_WARN_STRICT_PROTOTYPES = YES;
				CLANG_WARN_SUSPICIOUS_MOVE = YES;
				CLANG_WARN_UNGUARDED_AVAILABILITY = YES_AGGRESSIVE;
				CLANG_WARN_UNREACHABLE_CODE = YES;
				CLANG_WARN__DUPLICATE_METHOD_MATCH = YES;
				CODE_SIGN_IDENTITY = "iPhone Developer";
				COPY_PHASE_STRIP = NO;
				DEBUG_INFORMATION_FORMAT = "dwarf-with-dsym";
				ENABLE_NS_ASSERTIONS = NO;
				ENABLE_STRICT_OBJC_MSGSEND = YES;
				GCC_C_LANGUAGE_STANDARD = gnu11;
				GCC_NO_COMMON_BLOCKS = YES;
				GCC_WARN_64_TO_32_BIT_CONVERSION = YES;
				GCC_WARN_ABOUT_RETURN_TYPE = YES_ERROR;
				GCC_WARN_UNDECLARED_SELECTOR = YES;
				GCC_WARN_UNINITIALIZED_AUTOS = YES_AGGRESSIVE;
				GCC_WARN_UNUSED_FUNCTION = YES;
				GCC_WARN_UNUSED_VARIABLE = YES;
				IPHONEOS_DEPLOYMENT_TARGET = 11.2;
				MTL_ENABLE_DEBUG_INFO = NO;
				SDKROOT = iphoneos;
				SWIFT_OPTIMIZATION_LEVEL = "-Owholemodule";
				VALIDATE_PRODUCT = YES;
			};
			name = Release;
		};
		C16B3E8B1FF112B6005C99B8 /* Debug */ = {
			isa = XCBuildConfiguration;
			baseConfigurationReference = DE63CC8D7FEB5D6DF5BDC512 /* Pods-SplitTheCheck.debug.xcconfig */;
			buildSettings = {
				ASSETCATALOG_COMPILER_APPICON_NAME = AppIcon;
				CODE_SIGN_STYLE = Automatic;
				DEBUG_INFORMATION_FORMAT = "dwarf-with-dsym";
				DEVELOPMENT_TEAM = LV8EDW43XJ;
				ENABLE_BITCODE = NO;
				INFOPLIST_FILE = SplitTheCheck/Info.plist;
				IPHONEOS_DEPLOYMENT_TARGET = 11.0;
				LD_RUNPATH_SEARCH_PATHS = "$(inherited) @executable_path/Frameworks";
				PRODUCT_BUNDLE_IDENTIFIER = "-11.SplitTheCheck";
				PRODUCT_NAME = "$(TARGET_NAME)";
				SWIFT_VERSION = 4.0;
				TARGETED_DEVICE_FAMILY = 1;
			};
			name = Debug;
		};
		C16B3E8C1FF112B6005C99B8 /* Release */ = {
			isa = XCBuildConfiguration;
			baseConfigurationReference = DFAE0A127918E475E097803E /* Pods-SplitTheCheck.release.xcconfig */;
			buildSettings = {
				ASSETCATALOG_COMPILER_APPICON_NAME = AppIcon;
				CODE_SIGN_STYLE = Automatic;
				DEBUG_INFORMATION_FORMAT = "dwarf-with-dsym";
				DEVELOPMENT_TEAM = LV8EDW43XJ;
				ENABLE_BITCODE = NO;
				INFOPLIST_FILE = SplitTheCheck/Info.plist;
				IPHONEOS_DEPLOYMENT_TARGET = 11.0;
				LD_RUNPATH_SEARCH_PATHS = "$(inherited) @executable_path/Frameworks";
				PRODUCT_BUNDLE_IDENTIFIER = "-11.SplitTheCheck";
				PRODUCT_NAME = "$(TARGET_NAME)";
				SWIFT_VERSION = 4.0;
				TARGETED_DEVICE_FAMILY = 1;
			};
			name = Release;
		};
/* End XCBuildConfiguration section */

/* Begin XCConfigurationList section */
		C16B3E731FF112B6005C99B8 /* Build configuration list for PBXProject "SplitTheCheck" */ = {
			isa = XCConfigurationList;
			buildConfigurations = (
				C16B3E881FF112B6005C99B8 /* Debug */,
				C16B3E891FF112B6005C99B8 /* Release */,
			);
			defaultConfigurationIsVisible = 0;
			defaultConfigurationName = Release;
		};
		C16B3E8A1FF112B6005C99B8 /* Build configuration list for PBXNativeTarget "SplitTheCheck" */ = {
			isa = XCConfigurationList;
			buildConfigurations = (
				C16B3E8B1FF112B6005C99B8 /* Debug */,
				C16B3E8C1FF112B6005C99B8 /* Release */,
			);
			defaultConfigurationIsVisible = 0;
			defaultConfigurationName = Release;
		};
/* End XCConfigurationList section */
	};
	rootObject = C16B3E701FF112B6005C99B8 /* Project object */;
}
